
Microsoft Visual Studio Solution File, Format Version 12.00
# Visual Studio 15
VisualStudioVersion = 15.0.26430.6
MinimumVisualStudioVersion = 10.0.40219.1
Project("{4DF76451-A46A-4C0B-BE03-459FAAFA07E6}") = "YoutubeAnalytics", "PQExtension1\YoutubeAnalytics.mproj", "{A413C460-4A7B-4585-B90D-2284F4967A99}"
EndProject
Global
	GlobalSection(SolutionConfigurationPlatforms) = preSolution
		Debug|x86 = Debug|x86
		Release|x86 = Release|x86
	EndGlobalSection
	GlobalSection(ProjectConfigurationPlatforms) = postSolution
		{A413C460-4A7B-4585-B90D-2284F4967A99}.Debug|x86.ActiveCfg = Debug|x86
		{A413C460-4A7B-4585-B90D-2284F4967A99}.Debug|x86.Build.0 = Debug|x86
		{A413C460-4A7B-4585-B90D-2284F4967A99}.Release|x86.ActiveCfg = Release|x86
		{A413C460-4A7B-4585-B90D-2284F4967A99}.Release|x86.Build.0 = Release|x86
	EndGlobalSection
	GlobalSection(SolutionProperties) = preSolution
		HideSolutionNode = FALSE
	EndGlobalSection
EndGlobal
